// !$*UTF8*$!
{
	archiveVersion = 1;
	classes = {
	};
	objectVersion = 46;
	objects = {

/* Begin PBXBuildFile section */
		1AB285C81E492D9F00D9E34B /* CategoryCollectionViewCell.swift in Sources */ = {isa = PBXBuildFile; fileRef = 1AB285C71E492D9F00D9E34B /* CategoryCollectionViewCell.swift */; };
		1AB285CA1E497E3D00D9E34B /* JashTextField.swift in Sources */ = {isa = PBXBuildFile; fileRef = 1AB285C91E497E3D00D9E34B /* JashTextField.swift */; };
		1AB285CC1E4A2C3F00D9E34B /* JashTextFieldExtension.swift in Sources */ = {isa = PBXBuildFile; fileRef = 1AB285CB1E4A2C3F00D9E34B /* JashTextFieldExtension.swift */; };
		1AB285CE1E4A42EC00D9E34B /* JashButton.swift in Sources */ = {isa = PBXBuildFile; fileRef = 1AB285CD1E4A42EC00D9E34B /* JashButton.swift */; };
		1AB285D51E4B80BA00D9E34B /* JashProgressViewController.swift in Sources */ = {isa = PBXBuildFile; fileRef = 1AB285D41E4B80BA00D9E34B /* JashProgressViewController.swift */; };
		1AB285D71E4BC57800D9E34B /* PreviewPopViewController.swift in Sources */ = {isa = PBXBuildFile; fileRef = 1AB285D61E4BC57800D9E34B /* PreviewPopViewController.swift */; };
		4716ACDD1E4E3BFE00FC78E3 /* GoogleService-Info.plist in Resources */ = {isa = PBXBuildFile; fileRef = 4716ACDC1E4E3BFE00FC78E3 /* GoogleService-Info.plist */; };
		474B017E1E4D1809007E9D91 /* DateConverterExtension.swift in Sources */ = {isa = PBXBuildFile; fileRef = 474B017D1E4D1809007E9D91 /* DateConverterExtension.swift */; };
		474DA2201E4B9AA0003D66FC /* Vote.swift in Sources */ = {isa = PBXBuildFile; fileRef = 474DA21F1E4B9AA0003D66FC /* Vote.swift */; };
		474DA2221E4B9AB9003D66FC /* JashImage.swift in Sources */ = {isa = PBXBuildFile; fileRef = 474DA2211E4B9AB9003D66FC /* JashImage.swift */; };
		4759A6B51E490D7F00F21794 /* AppDelegate.swift in Sources */ = {isa = PBXBuildFile; fileRef = 4759A6B41E490D7F00F21794 /* AppDelegate.swift */; };
		4759A6BC1E490D7F00F21794 /* Assets.xcassets in Resources */ = {isa = PBXBuildFile; fileRef = 4759A6BB1E490D7F00F21794 /* Assets.xcassets */; };
		4759A6BF1E490D7F00F21794 /* LaunchScreen.storyboard in Resources */ = {isa = PBXBuildFile; fileRef = 4759A6BD1E490D7F00F21794 /* LaunchScreen.storyboard */; };
		4B3B722E1E49180A00F42041 /* CategorySelectionTableViewController.swift in Sources */ = {isa = PBXBuildFile; fileRef = 4B3B72291E49180A00F42041 /* CategorySelectionTableViewController.swift */; };
		4B3B722F1E49180A00F42041 /* CategoryTableViewCell.swift in Sources */ = {isa = PBXBuildFile; fileRef = 4B3B722A1E49180A00F42041 /* CategoryTableViewCell.swift */; };
		4B3B72301E49180A00F42041 /* CategoryPhotosCollectionViewController.swift in Sources */ = {isa = PBXBuildFile; fileRef = 4B3B722B1E49180A00F42041 /* CategoryPhotosCollectionViewController.swift */; };
		4B3B72311E49180A00F42041 /* UploadViewController.swift in Sources */ = {isa = PBXBuildFile; fileRef = 4B3B722C1E49180A00F42041 /* UploadViewController.swift */; };
		4B3B72321E49180A00F42041 /* LogInViewController.swift in Sources */ = {isa = PBXBuildFile; fileRef = 4B3B722D1E49180A00F42041 /* LogInViewController.swift */; };
		4B3B72361E49351A00F42041 /* Utilities.swift in Sources */ = {isa = PBXBuildFile; fileRef = 4B3B72351E49351A00F42041 /* Utilities.swift */; };
		4B3B72381E493FF700F42041 /* IndividualPhotoViewController.swift in Sources */ = {isa = PBXBuildFile; fileRef = 4B3B72371E493FF700F42041 /* IndividualPhotoViewController.swift */; };
		4B44F2E21E4A2E7E00D7782A /* VoteTableViewCell.swift in Sources */ = {isa = PBXBuildFile; fileRef = 4B44F2E11E4A2E7E00D7782A /* VoteTableViewCell.swift */; };
		4B44F2E41E4A5C9600D7782A /* UserHomeViewController.swift in Sources */ = {isa = PBXBuildFile; fileRef = 4B44F2E31E4A5C9600D7782A /* UserHomeViewController.swift */; };
		A70451A31E4D230C00E414FD /* Pulsing.swift in Sources */ = {isa = PBXBuildFile; fileRef = A70451A21E4D230C00E414FD /* Pulsing.swift */; };
		A70451A51E4E17EA00E414FD /* CatagoryManager.swift in Sources */ = {isa = PBXBuildFile; fileRef = A70451A41E4E17EA00E414FD /* CatagoryManager.swift */; };
		A73778AD1E4AE975003C3641 /* ImageSelectedInUploadCollectionViewCell.swift in Sources */ = {isa = PBXBuildFile; fileRef = A73778AC1E4AE975003C3641 /* ImageSelectedInUploadCollectionViewCell.swift */; };
		A73778AF1E4BC358003C3641 /* RegisterNewUserViewController.swift in Sources */ = {isa = PBXBuildFile; fileRef = A73778AE1E4BC358003C3641 /* RegisterNewUserViewController.swift */; };
		A751FDE21E49708700B53D1A /* PhotoUploadCollectionViewCell.swift in Sources */ = {isa = PBXBuildFile; fileRef = A751FDE11E49708600B53D1A /* PhotoUploadCollectionViewCell.swift */; };
		A751FDE41E4978C700B53D1A /* CatagoryTapInUploadCollectionViewCell.swift in Sources */ = {isa = PBXBuildFile; fileRef = A751FDE31E4978C700B53D1A /* CatagoryTapInUploadCollectionViewCell.swift */; };
		E1270E7221A399C7EF7A5B20 /* Pods_jashBoard.framework in Frameworks */ = {isa = PBXBuildFile; fileRef = A4928526CB9318AFD7A23769 /* Pods_jashBoard.framework */; };
/* End PBXBuildFile section */

/* Begin PBXFileReference section */
		0841D9FD5BE52B7E49871A7F /* Pods-jashBoard.release.xcconfig */ = {isa = PBXFileReference; includeInIndex = 1; lastKnownFileType = text.xcconfig; name = "Pods-jashBoard.release.xcconfig"; path = "Pods/Target Support Files/Pods-jashBoard/Pods-jashBoard.release.xcconfig"; sourceTree = "<group>"; };
		1AB285C71E492D9F00D9E34B /* CategoryCollectionViewCell.swift */ = {isa = PBXFileReference; fileEncoding = 4; lastKnownFileType = sourcecode.swift; path = CategoryCollectionViewCell.swift; sourceTree = "<group>"; };
		1AB285C91E497E3D00D9E34B /* JashTextField.swift */ = {isa = PBXFileReference; fileEncoding = 4; lastKnownFileType = sourcecode.swift; path = JashTextField.swift; sourceTree = "<group>"; };
		1AB285CB1E4A2C3F00D9E34B /* JashTextFieldExtension.swift */ = {isa = PBXFileReference; fileEncoding = 4; lastKnownFileType = sourcecode.swift; path = JashTextFieldExtension.swift; sourceTree = "<group>"; };
		1AB285CD1E4A42EC00D9E34B /* JashButton.swift */ = {isa = PBXFileReference; fileEncoding = 4; lastKnownFileType = sourcecode.swift; path = JashButton.swift; sourceTree = "<group>"; };
		1AB285D41E4B80BA00D9E34B /* JashProgressViewController.swift */ = {isa = PBXFileReference; fileEncoding = 4; lastKnownFileType = sourcecode.swift; path = JashProgressViewController.swift; sourceTree = "<group>"; };
		1AB285D61E4BC57800D9E34B /* PreviewPopViewController.swift */ = {isa = PBXFileReference; fileEncoding = 4; lastKnownFileType = sourcecode.swift; path = PreviewPopViewController.swift; sourceTree = "<group>"; };
		4716ACDC1E4E3BFE00FC78E3 /* GoogleService-Info.plist */ = {isa = PBXFileReference; fileEncoding = 4; lastKnownFileType = text.plist.xml; path = "GoogleService-Info.plist"; sourceTree = "<group>"; };
		474B017D1E4D1809007E9D91 /* DateConverterExtension.swift */ = {isa = PBXFileReference; fileEncoding = 4; lastKnownFileType = sourcecode.swift; path = DateConverterExtension.swift; sourceTree = "<group>"; };
		474DA21F1E4B9AA0003D66FC /* Vote.swift */ = {isa = PBXFileReference; fileEncoding = 4; lastKnownFileType = sourcecode.swift; path = Vote.swift; sourceTree = "<group>"; };
		474DA2211E4B9AB9003D66FC /* JashImage.swift */ = {isa = PBXFileReference; fileEncoding = 4; lastKnownFileType = sourcecode.swift; path = JashImage.swift; sourceTree = "<group>"; };
		4759A6B11E490D7F00F21794 /* jashBoard.app */ = {isa = PBXFileReference; explicitFileType = wrapper.application; includeInIndex = 0; path = jashBoard.app; sourceTree = BUILT_PRODUCTS_DIR; };
		4759A6B41E490D7F00F21794 /* AppDelegate.swift */ = {isa = PBXFileReference; lastKnownFileType = sourcecode.swift; path = AppDelegate.swift; sourceTree = "<group>"; };
		4759A6BB1E490D7F00F21794 /* Assets.xcassets */ = {isa = PBXFileReference; lastKnownFileType = folder.assetcatalog; path = Assets.xcassets; sourceTree = "<group>"; };
		4759A6BE1E490D7F00F21794 /* Base */ = {isa = PBXFileReference; lastKnownFileType = file.storyboard; name = Base; path = Base.lproj/LaunchScreen.storyboard; sourceTree = "<group>"; };
		4759A6C01E490D7F00F21794 /* Info.plist */ = {isa = PBXFileReference; lastKnownFileType = text.plist.xml; path = Info.plist; sourceTree = "<group>"; };
		4B3B72291E49180A00F42041 /* CategorySelectionTableViewController.swift */ = {isa = PBXFileReference; fileEncoding = 4; lastKnownFileType = sourcecode.swift; path = CategorySelectionTableViewController.swift; sourceTree = "<group>"; };
		4B3B722A1E49180A00F42041 /* CategoryTableViewCell.swift */ = {isa = PBXFileReference; fileEncoding = 4; lastKnownFileType = sourcecode.swift; path = CategoryTableViewCell.swift; sourceTree = "<group>"; };
		4B3B722B1E49180A00F42041 /* CategoryPhotosCollectionViewController.swift */ = {isa = PBXFileReference; fileEncoding = 4; lastKnownFileType = sourcecode.swift; path = CategoryPhotosCollectionViewController.swift; sourceTree = "<group>"; };
		4B3B722C1E49180A00F42041 /* UploadViewController.swift */ = {isa = PBXFileReference; fileEncoding = 4; lastKnownFileType = sourcecode.swift; path = UploadViewController.swift; sourceTree = "<group>"; };
		4B3B722D1E49180A00F42041 /* LogInViewController.swift */ = {isa = PBXFileReference; fileEncoding = 4; lastKnownFileType = sourcecode.swift; path = LogInViewController.swift; sourceTree = "<group>"; };
		4B3B72351E49351A00F42041 /* Utilities.swift */ = {isa = PBXFileReference; fileEncoding = 4; lastKnownFileType = sourcecode.swift; path = Utilities.swift; sourceTree = "<group>"; };
		4B3B72371E493FF700F42041 /* IndividualPhotoViewController.swift */ = {isa = PBXFileReference; fileEncoding = 4; lastKnownFileType = sourcecode.swift; path = IndividualPhotoViewController.swift; sourceTree = "<group>"; };
		4B44F2E11E4A2E7E00D7782A /* VoteTableViewCell.swift */ = {isa = PBXFileReference; fileEncoding = 4; lastKnownFileType = sourcecode.swift; path = VoteTableViewCell.swift; sourceTree = "<group>"; };
		4B44F2E31E4A5C9600D7782A /* UserHomeViewController.swift */ = {isa = PBXFileReference; fileEncoding = 4; lastKnownFileType = sourcecode.swift; path = UserHomeViewController.swift; sourceTree = "<group>"; };
		A4928526CB9318AFD7A23769 /* Pods_jashBoard.framework */ = {isa = PBXFileReference; explicitFileType = wrapper.framework; includeInIndex = 0; path = Pods_jashBoard.framework; sourceTree = BUILT_PRODUCTS_DIR; };
		A70451A21E4D230C00E414FD /* Pulsing.swift */ = {isa = PBXFileReference; fileEncoding = 4; lastKnownFileType = sourcecode.swift; path = Pulsing.swift; sourceTree = "<group>"; };
		A70451A41E4E17EA00E414FD /* CatagoryManager.swift */ = {isa = PBXFileReference; fileEncoding = 4; lastKnownFileType = sourcecode.swift; path = CatagoryManager.swift; sourceTree = "<group>"; };
		A73778AC1E4AE975003C3641 /* ImageSelectedInUploadCollectionViewCell.swift */ = {isa = PBXFileReference; fileEncoding = 4; lastKnownFileType = sourcecode.swift; path = ImageSelectedInUploadCollectionViewCell.swift; sourceTree = "<group>"; };
		A73778AE1E4BC358003C3641 /* RegisterNewUserViewController.swift */ = {isa = PBXFileReference; fileEncoding = 4; lastKnownFileType = sourcecode.swift; path = RegisterNewUserViewController.swift; sourceTree = "<group>"; };
		A751FDE11E49708600B53D1A /* PhotoUploadCollectionViewCell.swift */ = {isa = PBXFileReference; fileEncoding = 4; lastKnownFileType = sourcecode.swift; path = PhotoUploadCollectionViewCell.swift; sourceTree = "<group>"; };
		A751FDE31E4978C700B53D1A /* CatagoryTapInUploadCollectionViewCell.swift */ = {isa = PBXFileReference; fileEncoding = 4; lastKnownFileType = sourcecode.swift; path = CatagoryTapInUploadCollectionViewCell.swift; sourceTree = "<group>"; };
		F792D325396F289052B4E114 /* Pods-jashBoard.debug.xcconfig */ = {isa = PBXFileReference; includeInIndex = 1; lastKnownFileType = text.xcconfig; name = "Pods-jashBoard.debug.xcconfig"; path = "Pods/Target Support Files/Pods-jashBoard/Pods-jashBoard.debug.xcconfig"; sourceTree = "<group>"; };
/* End PBXFileReference section */

/* Begin PBXFrameworksBuildPhase section */
		4759A6AE1E490D7F00F21794 /* Frameworks */ = {
			isa = PBXFrameworksBuildPhase;
			buildActionMask = 2147483647;
			files = (
				E1270E7221A399C7EF7A5B20 /* Pods_jashBoard.framework in Frameworks */,
			);
			runOnlyForDeploymentPostprocessing = 0;
		};
/* End PBXFrameworksBuildPhase section */

/* Begin PBXGroup section */
		1AB285C61E49278000D9E34B /* View Controllers */ = {
			isa = PBXGroup;
			children = (
				4B3B72371E493FF700F42041 /* IndividualPhotoViewController.swift */,
				4B3B722C1E49180A00F42041 /* UploadViewController.swift */,
				4B3B722B1E49180A00F42041 /* CategoryPhotosCollectionViewController.swift */,
				4B3B722D1E49180A00F42041 /* LogInViewController.swift */,
				A73778AE1E4BC358003C3641 /* RegisterNewUserViewController.swift */,
				4B44F2E31E4A5C9600D7782A /* UserHomeViewController.swift */,
				1AB285D61E4BC57800D9E34B /* PreviewPopViewController.swift */,
				1AB285D41E4B80BA00D9E34B /* JashProgressViewController.swift */,
				4B3B72291E49180A00F42041 /* CategorySelectionTableViewController.swift */,
			);
			name = "View Controllers";
			sourceTree = "<group>";
		};
		1AB285CF1E4AF78C00D9E34B /* Supporting Files */ = {
			isa = PBXGroup;
			children = (
				4B3B72351E49351A00F42041 /* Utilities.swift */,
				4759A6B41E490D7F00F21794 /* AppDelegate.swift */,
				4759A6BB1E490D7F00F21794 /* Assets.xcassets */,
				4759A6BD1E490D7F00F21794 /* LaunchScreen.storyboard */,
				4759A6C01E490D7F00F21794 /* Info.plist */,
				4716ACDC1E4E3BFE00FC78E3 /* GoogleService-Info.plist */,
			);
			name = "Supporting Files";
			sourceTree = "<group>";
		};
		1AB285D01E4AF7BC00D9E34B /* Controller Cells */ = {
			isa = PBXGroup;
			children = (
				4B44F2E11E4A2E7E00D7782A /* VoteTableViewCell.swift */,
				4B3B722A1E49180A00F42041 /* CategoryTableViewCell.swift */,
				1AB285C71E492D9F00D9E34B /* CategoryCollectionViewCell.swift */,
				A73778AC1E4AE975003C3641 /* ImageSelectedInUploadCollectionViewCell.swift */,
				A751FDE31E4978C700B53D1A /* CatagoryTapInUploadCollectionViewCell.swift */,
				A751FDE11E49708600B53D1A /* PhotoUploadCollectionViewCell.swift */,
			);
			name = "Controller Cells";
			sourceTree = "<group>";
		};
		1AB285D11E4AF7DB00D9E34B /* Views */ = {
			isa = PBXGroup;
			children = (
				1AB285C91E497E3D00D9E34B /* JashTextField.swift */,
				1AB285CB1E4A2C3F00D9E34B /* JashTextFieldExtension.swift */,
				1AB285CD1E4A42EC00D9E34B /* JashButton.swift */,
				A70451A21E4D230C00E414FD /* Pulsing.swift */,
				474B017D1E4D1809007E9D91 /* DateConverterExtension.swift */,
			);
			name = Views;
			sourceTree = "<group>";
		};
		3A42AEA7FB18B8D107C0A6FB /* Frameworks */ = {
			isa = PBXGroup;
			children = (
				A4928526CB9318AFD7A23769 /* Pods_jashBoard.framework */,
			);
			name = Frameworks;
			sourceTree = "<group>";
		};
		474DA21E1E4B9A6C003D66FC /* Model Objects */ = {
			isa = PBXGroup;
			children = (
				474DA21F1E4B9AA0003D66FC /* Vote.swift */,
				474DA2211E4B9AB9003D66FC /* JashImage.swift */,
				A70451A41E4E17EA00E414FD /* CatagoryManager.swift */,
			);
			name = "Model Objects";
			sourceTree = "<group>";
		};
		4759A6A81E490D7F00F21794 = {
			isa = PBXGroup;
			children = (
				4759A6B31E490D7F00F21794 /* jashBoard */,
				4759A6B21E490D7F00F21794 /* Products */,
				B03D38DEDEC04613531850CD /* Pods */,
				3A42AEA7FB18B8D107C0A6FB /* Frameworks */,
			);
			sourceTree = "<group>";
		};
		4759A6B21E490D7F00F21794 /* Products */ = {
			isa = PBXGroup;
			children = (
				4759A6B11E490D7F00F21794 /* jashBoard.app */,
			);
			name = Products;
			sourceTree = "<group>";
		};
		4759A6B31E490D7F00F21794 /* jashBoard */ = {
			isa = PBXGroup;
			children = (
				474DA21E1E4B9A6C003D66FC /* Model Objects */,
				1AB285D11E4AF7DB00D9E34B /* Views */,
				1AB285C61E49278000D9E34B /* View Controllers */,
				1AB285D01E4AF7BC00D9E34B /* Controller Cells */,
				1AB285CF1E4AF78C00D9E34B /* Supporting Files */,
			);
			path = jashBoard;
			sourceTree = "<group>";
		};
		B03D38DEDEC04613531850CD /* Pods */ = {
			isa = PBXGroup;
			children = (
				F792D325396F289052B4E114 /* Pods-jashBoard.debug.xcconfig */,
				0841D9FD5BE52B7E49871A7F /* Pods-jashBoard.release.xcconfig */,
			);
			name = Pods;
			sourceTree = "<group>";
		};
/* End PBXGroup section */

/* Begin PBXNativeTarget section */
		4759A6B01E490D7F00F21794 /* jashBoard */ = {
			isa = PBXNativeTarget;
			buildConfigurationList = 4759A6C31E490D7F00F21794 /* Build configuration list for PBXNativeTarget "jashBoard" */;
			buildPhases = (
				5B0FE3A4413C7251C21DC38C /* [CP] Check Pods Manifest.lock */,
				4759A6AD1E490D7F00F21794 /* Sources */,
				4759A6AE1E490D7F00F21794 /* Frameworks */,
				4759A6AF1E490D7F00F21794 /* Resources */,
				33E1E8032E44AB44E5F56826 /* [CP] Embed Pods Frameworks */,
				23CF6AC377B47F75DCDA5582 /* [CP] Copy Pods Resources */,
			);
			buildRules = (
			);
			dependencies = (
			);
			name = jashBoard;
			productName = jashBoard;
			productReference = 4759A6B11E490D7F00F21794 /* jashBoard.app */;
			productType = "com.apple.product-type.application";
		};
/* End PBXNativeTarget section */

/* Begin PBXProject section */
		4759A6A91E490D7F00F21794 /* Project object */ = {
			isa = PBXProject;
			attributes = {
				LastSwiftUpdateCheck = 0820;
				LastUpgradeCheck = 0820;
				ORGANIZATIONNAME = "Harichandan Singh";
				TargetAttributes = {
					4759A6B01E490D7F00F21794 = {
						CreatedOnToolsVersion = 8.2.1;
						DevelopmentTeam = R7DWEPXN5Y;
						ProvisioningStyle = Automatic;
					};
				};
			};
			buildConfigurationList = 4759A6AC1E490D7F00F21794 /* Build configuration list for PBXProject "jashBoard" */;
			compatibilityVersion = "Xcode 3.2";
			developmentRegion = English;
			hasScannedForEncodings = 0;
			knownRegions = (
				en,
				Base,
			);
			mainGroup = 4759A6A81E490D7F00F21794;
			productRefGroup = 4759A6B21E490D7F00F21794 /* Products */;
			projectDirPath = "";
			projectRoot = "";
			targets = (
				4759A6B01E490D7F00F21794 /* jashBoard */,
			);
		};
/* End PBXProject section */

/* Begin PBXResourcesBuildPhase section */
		4759A6AF1E490D7F00F21794 /* Resources */ = {
			isa = PBXResourcesBuildPhase;
			buildActionMask = 2147483647;
			files = (
				4759A6BF1E490D7F00F21794 /* LaunchScreen.storyboard in Resources */,
				4759A6BC1E490D7F00F21794 /* Assets.xcassets in Resources */,
				4716ACDD1E4E3BFE00FC78E3 /* GoogleService-Info.plist in Resources */,
			);
			runOnlyForDeploymentPostprocessing = 0;
		};
/* End PBXResourcesBuildPhase section */

/* Begin PBXShellScriptBuildPhase section */
		23CF6AC377B47F75DCDA5582 /* [CP] Copy Pods Resources */ = {
			isa = PBXShellScriptBuildPhase;
			buildActionMask = 2147483647;
			files = (
			);
			inputPaths = (
			);
			name = "[CP] Copy Pods Resources";
			outputPaths = (
			);
			runOnlyForDeploymentPostprocessing = 0;
			shellPath = /bin/sh;
			shellScript = "\"${SRCROOT}/Pods/Target Support Files/Pods-jashBoard/Pods-jashBoard-resources.sh\"\n";
			showEnvVarsInLog = 0;
		};
		33E1E8032E44AB44E5F56826 /* [CP] Embed Pods Frameworks */ = {
			isa = PBXShellScriptBuildPhase;
			buildActionMask = 2147483647;
			files = (
			);
			inputPaths = (
			);
			name = "[CP] Embed Pods Frameworks";
			outputPaths = (
			);
			runOnlyForDeploymentPostprocessing = 0;
			shellPath = /bin/sh;
			shellScript = "\"${SRCROOT}/Pods/Target Support Files/Pods-jashBoard/Pods-jashBoard-frameworks.sh\"\n";
			showEnvVarsInLog = 0;
		};
		5B0FE3A4413C7251C21DC38C /* [CP] Check Pods Manifest.lock */ = {
			isa = PBXShellScriptBuildPhase;
			buildActionMask = 2147483647;
			files = (
			);
			inputPaths = (
			);
			name = "[CP] Check Pods Manifest.lock";
			outputPaths = (
			);
			runOnlyForDeploymentPostprocessing = 0;
			shellPath = /bin/sh;
			shellScript = "diff \"${PODS_ROOT}/../Podfile.lock\" \"${PODS_ROOT}/Manifest.lock\" > /dev/null\nif [ $? != 0 ] ; then\n    # print error to STDERR\n    echo \"error: The sandbox is not in sync with the Podfile.lock. Run 'pod install' or update your CocoaPods installation.\" >&2\n    exit 1\nfi\n";
			showEnvVarsInLog = 0;
		};
/* End PBXShellScriptBuildPhase section */

/* Begin PBXSourcesBuildPhase section */
		4759A6AD1E490D7F00F21794 /* Sources */ = {
			isa = PBXSourcesBuildPhase;
			buildActionMask = 2147483647;
			files = (
				4B3B72381E493FF700F42041 /* IndividualPhotoViewController.swift in Sources */,
				4B3B722E1E49180A00F42041 /* CategorySelectionTableViewController.swift in Sources */,
				1AB285CE1E4A42EC00D9E34B /* JashButton.swift in Sources */,
				A73778AF1E4BC358003C3641 /* RegisterNewUserViewController.swift in Sources */,
				1AB285CA1E497E3D00D9E34B /* JashTextField.swift in Sources */,
				A751FDE41E4978C700B53D1A /* CatagoryTapInUploadCollectionViewCell.swift in Sources */,
				4B44F2E21E4A2E7E00D7782A /* VoteTableViewCell.swift in Sources */,
				474B017E1E4D1809007E9D91 /* DateConverterExtension.swift in Sources */,
				4B3B72311E49180A00F42041 /* UploadViewController.swift in Sources */,
				4B3B72361E49351A00F42041 /* Utilities.swift in Sources */,
				4B3B72321E49180A00F42041 /* LogInViewController.swift in Sources */,
				A70451A31E4D230C00E414FD /* Pulsing.swift in Sources */,
				474DA2221E4B9AB9003D66FC /* JashImage.swift in Sources */,
				A751FDE21E49708700B53D1A /* PhotoUploadCollectionViewCell.swift in Sources */,
				A73778AD1E4AE975003C3641 /* ImageSelectedInUploadCollectionViewCell.swift in Sources */,
				A70451A51E4E17EA00E414FD /* CatagoryManager.swift in Sources */,
				1AB285CC1E4A2C3F00D9E34B /* JashTextFieldExtension.swift in Sources */,
				1AB285D51E4B80BA00D9E34B /* JashProgressViewController.swift in Sources */,
				474DA2201E4B9AA0003D66FC /* Vote.swift in Sources */,
				4B3B72301E49180A00F42041 /* CategoryPhotosCollectionViewController.swift in Sources */,
				4759A6B51E490D7F00F21794 /* AppDelegate.swift in Sources */,
				1AB285C81E492D9F00D9E34B /* CategoryCollectionViewCell.swift in Sources */,
				1AB285D71E4BC57800D9E34B /* PreviewPopViewController.swift in Sources */,
				4B44F2E41E4A5C9600D7782A /* UserHomeViewController.swift in Sources */,
				4B3B722F1E49180A00F42041 /* CategoryTableViewCell.swift in Sources */,
			);
			runOnlyForDeploymentPostprocessing = 0;
		};
/* End PBXSourcesBuildPhase section */

/* Begin PBXVariantGroup section */
		4759A6BD1E490D7F00F21794 /* LaunchScreen.storyboard */ = {
			isa = PBXVariantGroup;
			children = (
				4759A6BE1E490D7F00F21794 /* Base */,
			);
			name = LaunchScreen.storyboard;
			sourceTree = "<group>";
		};
/* End PBXVariantGroup section */

/* Begin XCBuildConfiguration section */
		4759A6C11E490D7F00F21794 /* Debug */ = {
			isa = XCBuildConfiguration;
			buildSettings = {
				ALWAYS_SEARCH_USER_PATHS = NO;
				CLANG_ANALYZER_NONNULL = YES;
				CLANG_CXX_LANGUAGE_STANDARD = "gnu++0x";
				CLANG_CXX_LIBRARY = "libc++";
				CLANG_ENABLE_MODULES = YES;
				CLANG_ENABLE_OBJC_ARC = YES;
				CLANG_WARN_BOOL_CONVERSION = YES;
				CLANG_WARN_CONSTANT_CONVERSION = YES;
				CLANG_WARN_DIRECT_OBJC_ISA_USAGE = YES_ERROR;
				CLANG_WARN_DOCUMENTATION_COMMENTS = YES;
				CLANG_WARN_EMPTY_BODY = YES;
				CLANG_WARN_ENUM_CONVERSION = YES;
				CLANG_WARN_INFINITE_RECURSION = YES;
				CLANG_WARN_INT_CONVERSION = YES;
				CLANG_WARN_OBJC_ROOT_CLASS = YES_ERROR;
				CLANG_WARN_SUSPICIOUS_MOVE = YES;
				CLANG_WARN_UNREACHABLE_CODE = YES;
				CLANG_WARN__DUPLICATE_METHOD_MATCH = YES;
				"CODE_SIGN_IDENTITY[sdk=iphoneos*]" = "iPhone Developer";
				COPY_PHASE_STRIP = NO;
				DEBUG_INFORMATION_FORMAT = dwarf;
				ENABLE_STRICT_OBJC_MSGSEND = YES;
				ENABLE_TESTABILITY = YES;
				GCC_C_LANGUAGE_STANDARD = gnu99;
				GCC_DYNAMIC_NO_PIC = NO;
				GCC_NO_COMMON_BLOCKS = YES;
				GCC_OPTIMIZATION_LEVEL = 0;
				GCC_PREPROCESSOR_DEFINITIONS = (
					"DEBUG=1",
					"$(inherited)",
				);
				GCC_WARN_64_TO_32_BIT_CONVERSION = YES;
				GCC_WARN_ABOUT_RETURN_TYPE = YES_ERROR;
				GCC_WARN_UNDECLARED_SELECTOR = YES;
				GCC_WARN_UNINITIALIZED_AUTOS = YES_AGGRESSIVE;
				GCC_WARN_UNUSED_FUNCTION = YES;
				GCC_WARN_UNUSED_VARIABLE = YES;
				IPHONEOS_DEPLOYMENT_TARGET = 10.2;
				MTL_ENABLE_DEBUG_INFO = YES;
				ONLY_ACTIVE_ARCH = YES;
				SDKROOT = iphoneos;
				SWIFT_ACTIVE_COMPILATION_CONDITIONS = DEBUG;
				SWIFT_OPTIMIZATION_LEVEL = "-Onone";
				TARGETED_DEVICE_FAMILY = "1,2";
			};
			name = Debug;
		};
		4759A6C21E490D7F00F21794 /* Release */ = {
			isa = XCBuildConfiguration;
			buildSettings = {
				ALWAYS_SEARCH_USER_PATHS = NO;
				CLANG_ANALYZER_NONNULL = YES;
				CLANG_CXX_LANGUAGE_STANDARD = "gnu++0x";
				CLANG_CXX_LIBRARY = "libc++";
				CLANG_ENABLE_MODULES = YES;
				CLANG_ENABLE_OBJC_ARC = YES;
				CLANG_WARN_BOOL_CONVERSION = YES;
				CLANG_WARN_CONSTANT_CONVERSION = YES;
				CLANG_WARN_DIRECT_OBJC_ISA_USAGE = YES_ERROR;
				CLANG_WARN_DOCUMENTATION_COMMENTS = YES;
				CLANG_WARN_EMPTY_BODY = YES;
				CLANG_WARN_ENUM_CONVERSION = YES;
				CLANG_WARN_INFINITE_RECURSION = YES;
				CLANG_WARN_INT_CONVERSION = YES;
				CLANG_WARN_OBJC_ROOT_CLASS = YES_ERROR;
				CLANG_WARN_SUSPICIOUS_MOVE = YES;
				CLANG_WARN_UNREACHABLE_CODE = YES;
				CLANG_WARN__DUPLICATE_METHOD_MATCH = YES;
				"CODE_SIGN_IDENTITY[sdk=iphoneos*]" = "iPhone Developer";
				COPY_PHASE_STRIP = NO;
				DEBUG_INFORMATION_FORMAT = "dwarf-with-dsym";
				ENABLE_NS_ASSERTIONS = NO;
				ENABLE_STRICT_OBJC_MSGSEND = YES;
				GCC_C_LANGUAGE_STANDARD = gnu99;
				GCC_NO_COMMON_BLOCKS = YES;
				GCC_WARN_64_TO_32_BIT_CONVERSION = YES;
				GCC_WARN_ABOUT_RETURN_TYPE = YES_ERROR;
				GCC_WARN_UNDECLARED_SELECTOR = YES;
				GCC_WARN_UNINITIALIZED_AUTOS = YES_AGGRESSIVE;
				GCC_WARN_UNUSED_FUNCTION = YES;
				GCC_WARN_UNUSED_VARIABLE = YES;
				IPHONEOS_DEPLOYMENT_TARGET = 10.2;
				MTL_ENABLE_DEBUG_INFO = NO;
				SDKROOT = iphoneos;
				SWIFT_OPTIMIZATION_LEVEL = "-Owholemodule";
				TARGETED_DEVICE_FAMILY = "1,2";
				VALIDATE_PRODUCT = YES;
			};
			name = Release;
		};
		4759A6C41E490D7F00F21794 /* Debug */ = {
			isa = XCBuildConfiguration;
			baseConfigurationReference = F792D325396F289052B4E114 /* Pods-jashBoard.debug.xcconfig */;
			buildSettings = {
				ASSETCATALOG_COMPILER_APPICON_NAME = AppIcon;
				DEVELOPMENT_TEAM = R7DWEPXN5Y;
				INFOPLIST_FILE = jashBoard/Info.plist;
				IPHONEOS_DEPLOYMENT_TARGET = 10.0;
				LD_RUNPATH_SEARCH_PATHS = "$(inherited) @executable_path/Frameworks";
				PRODUCT_BUNDLE_IDENTIFIER = nyc.c4q.jashBoard;
				PRODUCT_NAME = "$(TARGET_NAME)";
				SWIFT_VERSION = 3.0;
			};
			name = Debug;
		};
		4759A6C51E490D7F00F21794 /* Release */ = {
			isa = XCBuildConfiguration;
			baseConfigurationReference = 0841D9FD5BE52B7E49871A7F /* Pods-jashBoard.release.xcconfig */;
			buildSettings = {
				ASSETCATALOG_COMPILER_APPICON_NAME = AppIcon;
				DEVELOPMENT_TEAM = R7DWEPXN5Y;
				INFOPLIST_FILE = jashBoard/Info.plist;
				IPHONEOS_DEPLOYMENT_TARGET = 10.0;
				LD_RUNPATH_SEARCH_PATHS = "$(inherited) @executable_path/Frameworks";
				PRODUCT_BUNDLE_IDENTIFIER = nyc.c4q.jashBoard;
				PRODUCT_NAME = "$(TARGET_NAME)";
				SWIFT_VERSION = 3.0;
			};
			name = Release;
		};
/* End XCBuildConfiguration section */

/* Begin XCConfigurationList section */
		4759A6AC1E490D7F00F21794 /* Build configuration list for PBXProject "jashBoard" */ = {
			isa = XCConfigurationList;
			buildConfigurations = (
				4759A6C11E490D7F00F21794 /* Debug */,
				4759A6C21E490D7F00F21794 /* Release */,
			);
			defaultConfigurationIsVisible = 0;
			defaultConfigurationName = Release;
		};
		4759A6C31E490D7F00F21794 /* Build configuration list for PBXNativeTarget "jashBoard" */ = {
			isa = XCConfigurationList;
			buildConfigurations = (
				4759A6C41E490D7F00F21794 /* Debug */,
				4759A6C51E490D7F00F21794 /* Release */,
			);
			defaultConfigurationIsVisible = 0;
			defaultConfigurationName = Release;
		};
/* End XCConfigurationList section */
	};
	rootObject = 4759A6A91E490D7F00F21794 /* Project object */;
}
